<?xml version="1.0" encoding="utf-8"?>
<Project ToolsVersion="4.0" xmlns="http://schemas.microsoft.com/developer/msbuild/2003">
  <ItemGroup>
    <Filter Include="win32">
      <UniqueIdentifier>{84a8ebd7-7cf0-47f6-b75e-d441df67da40}</UniqueIdentifier>
    </Filter>
    <Filter Include="resource">
      <UniqueIdentifier>{715254bc-d70b-4ec5-bf29-467dd3ace079}</UniqueIdentifier>
    </Filter>
    <Filter Include="src">
      <UniqueIdentifier>{bb6c862e-70e9-49d9-81b7-3829a6f50471}</UniqueIdentifier>
    </Filter>
    <Filter Include="src\System">
      <UniqueIdentifier>{9a6fe825-0b96-4c04-9274-ee8fb7348fee}</UniqueIdentifier>
    </Filter>
    <Filter Include="src\System\Collision">
      <UniqueIdentifier>{a5b576a0-77a4-40ad-96fe-aef5a0e451c4}</UniqueIdentifier>
    </Filter>
    <Filter Include="src\System\LayerBase">
      <UniqueIdentifier>{36bda993-2e6e-4b94-a0c6-18bd94626108}</UniqueIdentifier>
    </Filter>
    <Filter Include="src\System\SceneBase">
      <UniqueIdentifier>{fd87466d-453e-4a38-ad45-363b0644827b}</UniqueIdentifier>
    </Filter>
    <Filter Include="src\System\SceneManager">
      <UniqueIdentifier>{e1cad375-44ac-4f3a-bcad-cb3f75bb608b}</UniqueIdentifier>
    </Filter>
    <Filter Include="src\Sample">
      <UniqueIdentifier>{f7ffff86-df24-4bac-b395-f3cba6b79955}</UniqueIdentifier>
    </Filter>
    <Filter Include="src\Ship">
      <UniqueIdentifier>{749bbe11-8f51-43b0-bb50-594e57fd503c}</UniqueIdentifier>
    </Filter>
    <Filter Include="src\GameMain">
      <UniqueIdentifier>{f2a96ca0-583b-4d8a-9164-39e7c67a620a}</UniqueIdentifier>
    </Filter>
    <Filter Include="src\Bullet">
      <UniqueIdentifier>{f24edb8a-930d-4f01-af15-2a3cfd40fa46}</UniqueIdentifier>
    </Filter>
    <Filter Include="src\System\SoundManager">
      <UniqueIdentifier>{6a9729e7-91c9-48a3-80fa-bae46110e190}</UniqueIdentifier>
    </Filter>
    <Filter Include="src\System\JsonHelper">
      <UniqueIdentifier>{d6c2d546-5bb5-416b-b23d-0491cef3af73}</UniqueIdentifier>
    </Filter>
  </ItemGroup>
  <ItemGroup>
    <ClCompile Include="main.cpp">
      <Filter>win32</Filter>
    </ClCompile>
    <ClCompile Include="..\Classes\AppDelegate.cpp">
      <Filter>src</Filter>
    </ClCompile>
    <ClCompile Include="..\Classes\System\Collision\CollisionUtils.cpp">
      <Filter>src\System\Collision</Filter>
    </ClCompile>
    <ClCompile Include="..\Classes\System\Collision\CollisionComponent.cpp">
      <Filter>src\System\Collision</Filter>
    </ClCompile>
    <ClCompile Include="..\Classes\System\Collision\CollisionDetaction.cpp">
      <Filter>src\System\Collision</Filter>
    </ClCompile>
    <ClCompile Include="..\Classes\System\LayerBase\LayerBase.cpp">
      <Filter>src\System\LayerBase</Filter>
    </ClCompile>
    <ClCompile Include="..\Classes\System\SceneManager\SceneManager.cpp">
      <Filter>src\System\SceneManager</Filter>
    </ClCompile>
    <ClCompile Include="..\Classes\System\SceneBase\SceneBase.cpp">
      <Filter>src\System\SceneBase</Filter>
    </ClCompile>
    <ClCompile Include="..\Classes\Ship\MyShip.cpp">
      <Filter>src\Ship</Filter>
    </ClCompile>
    <ClCompile Include="..\Classes\Sample\SampleLayer.cpp">
      <Filter>src\Sample</Filter>
    </ClCompile>
    <ClCompile Include="..\Classes\Sample\SampleMainLayer.cpp">
      <Filter>src\Sample</Filter>
    </ClCompile>
    <ClCompile Include="..\Classes\GameMain\GameMainLayer.cpp">
      <Filter>src\GameMain</Filter>
    </ClCompile>
    <ClCompile Include="..\Classes\GameMain\GameMainScene.cpp">
      <Filter>src\GameMain</Filter>
    </ClCompile>
    <ClCompile Include="..\Classes\Bullet\NormalBullet.cpp">
      <Filter>src\Bullet</Filter>
    </ClCompile>
    <ClCompile Include="..\Classes\Bullet\PowerBullet.cpp">
      <Filter>src\Bullet</Filter>
    </ClCompile>
    <ClCompile Include="..\Classes\GameMain\GameMainFieldData.cpp">
      <Filter>src\GameMain</Filter>
    </ClCompile>
    <ClCompile Include="..\Classes\System\SoundManager\SoundManager.cpp">
      <Filter>src\System\SoundManager</Filter>
    </ClCompile>
  </ItemGroup>
  <ItemGroup>
    <ClInclude Include="main.h">
      <Filter>win32</Filter>
    </ClInclude>
    <ClInclude Include="..\Classes\AppDelegate.h">
      <Filter>src</Filter>
    </ClInclude>
    <ClInclude Include="..\Classes\System\Collision\collision_point.h">
      <Filter>src\System\Collision</Filter>
    </ClInclude>
    <ClInclude Include="..\Classes\System\Collision\CollisionComponent.h">
      <Filter>src\System\Collision</Filter>
    </ClInclude>
    <ClInclude Include="..\Classes\System\Collision\CollisionDetaction.h">
      <Filter>src\System\Collision</Filter>
    </ClInclude>
    <ClInclude Include="..\Classes\System\Collision\CollisionUtils.h">
      <Filter>src\System\Collision</Filter>
    </ClInclude>
    <ClInclude Include="..\Classes\System\LayerBase\LayerBase.h">
      <Filter>src\System\LayerBase</Filter>
    </ClInclude>
    <ClInclude Include="..\Classes\System\SceneManager\SceneManager.h">
      <Filter>src\System\SceneManager</Filter>
    </ClInclude>
    <ClInclude Include="..\Classes\System\SceneBase\SceneBase.h">
      <Filter>src\System\SceneBase</Filter>
    </ClInclude>
    <ClInclude Include="..\Classes\Ship\MyShip.h">
      <Filter>src\Ship</Filter>
    </ClInclude>
    <ClInclude Include="..\Classes\Sample\SampleLayer.h">
      <Filter>src\Sample</Filter>
    </ClInclude>
    <ClInclude Include="..\Classes\Sample\SampleMainLayer.h">
      <Filter>src\Sample</Filter>
    </ClInclude>
    <ClInclude Include="..\Classes\GameMain\GameMainLayer.h">
      <Filter>src\GameMain</Filter>
    </ClInclude>
    <ClInclude Include="..\Classes\GameMain\GameMainScene.h">
      <Filter>src\GameMain</Filter>
    </ClInclude>
    <ClInclude Include="..\Classes\Bullet\NormalBullet.h">
      <Filter>src\Bullet</Filter>
    </ClInclude>
    <ClInclude Include="..\Classes\Bullet\PowerBullet.h">
      <Filter>src\Bullet</Filter>
    </ClInclude>
    <ClInclude Include="..\Classes\GameMain\GameMainFieldData.h">
      <Filter>src\GameMain</Filter>
    </ClInclude>
    <ClInclude Include="..\Classes\System\SoundManager\SoundManager.h">
      <Filter>src\System\SoundManager</Filter>
    </ClInclude>
    <ClInclude Include="..\Classes\System\JsonHelper\JsonHelper.h">
      <Filter>src\System\JsonHelper</Filter>
    </ClInclude>
  </ItemGroup>
  <ItemGroup>
    <ResourceCompile Include="game.rc">
      <Filter>resource</Filter>
    </ResourceCompile>
  </ItemGroup>
</Project>